
Microsoft Visual Studio Solution File, Format Version 12.00
# Visual Studio Version 17
VisualStudioVersion = 17.13.35931.197 d17.13
MinimumVisualStudioVersion = 10.0.40219.1
Project("{FAE04EC0-301F-11D3-BF4B-00C04F79EFBC}") = "InventoryManagementAPI", "InventoryManagementAPI\InventoryManagementAPI.csproj", "{1BBCA032-9712-45AE-B121-9F13DB31022B}"
EndProject
Global
	GlobalSection(SolutionConfigurationPlatforms) = preSolution
		Debug|Any CPU = Debug|Any CPU
		Release|Any CPU = Release|Any CPU
	EndGlobalSection
	GlobalSection(ProjectConfigurationPlatforms) = postSolution
		{1BBCA032-9712-45AE-B121-9F13DB31022B}.Debug|Any CPU.ActiveCfg = Debug|Any CPU
		{1BBCA032-9712-45AE-B121-9F13DB31022B}.Debug|Any CPU.Build.0 = Debug|Any CPU
		{1BBCA032-9712-45AE-B121-9F13DB31022B}.Release|Any CPU.ActiveCfg = Release|Any CPU
		{1BBCA032-9712-45AE-B121-9F13DB31022B}.Release|Any CPU.Build.0 = Release|Any CPU
	EndGlobalSection
	GlobalSection(SolutionProperties) = preSolution
		HideSolutionNode = FALSE
	EndGlobalSection
	GlobalSection(ExtensibilityGlobals) = postSolution
		SolutionGuid = {DEE68090-023D-49EB-B4CC-7E500A4BB75B}
	EndGlobalSection
EndGlobal
